// !$*UTF8*$!
{
	archiveVersion = 1;
	classes = {
	};
	objectVersion = 46;
	objects = {

/* Begin PBXBuildFile section */
		CD3B0DCC1DA7396400D0C704 /* DoubleDiceViewController.swift in Sources */ = {isa = PBXBuildFile; fileRef = CD3B0DCB1DA7396400D0C704 /* DoubleDiceViewController.swift */; };
		CD3B0DCE1DA73F9B00D0C704 /* CoinViewController.swift in Sources */ = {isa = PBXBuildFile; fileRef = CD3B0DCD1DA73F9B00D0C704 /* CoinViewController.swift */; };
		CDC9199E1DA5EC05003B8355 /* ViewController.swift in Sources */ = {isa = PBXBuildFile; fileRef = CDC9199D1DA5EC05003B8355 /* ViewController.swift */; };
		CDC919A01DA5EC3A003B8355 /* SingleDiceViewController.swift in Sources */ = {isa = PBXBuildFile; fileRef = CDC9199F1DA5EC3A003B8355 /* SingleDiceViewController.swift */; };
		CDFCBB271DA40E8600DC00A7 /* AppDelegate.swift in Sources */ = {isa = PBXBuildFile; fileRef = CDFCBB261DA40E8600DC00A7 /* AppDelegate.swift */; };
		CDFCBB2C1DA40E8600DC00A7 /* Main.storyboard in Resources */ = {isa = PBXBuildFile; fileRef = CDFCBB2A1DA40E8600DC00A7 /* Main.storyboard */; };
		CDFCBB2E1DA40E8600DC00A7 /* Assets.xcassets in Resources */ = {isa = PBXBuildFile; fileRef = CDFCBB2D1DA40E8600DC00A7 /* Assets.xcassets */; };
		CDFCBB311DA40E8600DC00A7 /* LaunchScreen.storyboard in Resources */ = {isa = PBXBuildFile; fileRef = CDFCBB2F1DA40E8600DC00A7 /* LaunchScreen.storyboard */; };
/* End PBXBuildFile section */

/* Begin PBXFileReference section */
		CD3B0DCB1DA7396400D0C704 /* DoubleDiceViewController.swift */ = {isa = PBXFileReference; fileEncoding = 4; lastKnownFileType = sourcecode.swift; path = DoubleDiceViewController.swift; sourceTree = "<group>"; };
		CD3B0DCD1DA73F9B00D0C704 /* CoinViewController.swift */ = {isa = PBXFileReference; fileEncoding = 4; lastKnownFileType = sourcecode.swift; path = CoinViewController.swift; sourceTree = "<group>"; };
		CDC9199D1DA5EC05003B8355 /* ViewController.swift */ = {isa = PBXFileReference; fileEncoding = 4; lastKnownFileType = sourcecode.swift; path = ViewController.swift; sourceTree = "<group>"; };
		CDC9199F1DA5EC3A003B8355 /* SingleDiceViewController.swift */ = {isa = PBXFileReference; fileEncoding = 4; lastKnownFileType = sourcecode.swift; path = SingleDiceViewController.swift; sourceTree = "<group>"; };
		CDFCBB231DA40E8600DC00A7 /* Dice Roll.app */ = {isa = PBXFileReference; explicitFileType = wrapper.application; includeInIndex = 0; path = "Dice Roll.app"; sourceTree = BUILT_PRODUCTS_DIR; };
		CDFCBB261DA40E8600DC00A7 /* AppDelegate.swift */ = {isa = PBXFileReference; lastKnownFileType = sourcecode.swift; path = AppDelegate.swift; sourceTree = "<group>"; };
		CDFCBB2B1DA40E8600DC00A7 /* Base */ = {isa = PBXFileReference; lastKnownFileType = file.storyboard; name = Base; path = Base.lproj/Main.storyboard; sourceTree = "<group>"; };
		CDFCBB2D1DA40E8600DC00A7 /* Assets.xcassets */ = {isa = PBXFileReference; lastKnownFileType = folder.assetcatalog; path = Assets.xcassets; sourceTree = "<group>"; };
		CDFCBB301DA40E8600DC00A7 /* Base */ = {isa = PBXFileReference; lastKnownFileType = file.storyboard; name = Base; path = Base.lproj/LaunchScreen.storyboard; sourceTree = "<group>"; };
		CDFCBB321DA40E8600DC00A7 /* Info.plist */ = {isa = PBXFileReference; lastKnownFileType = text.plist.xml; path = Info.plist; sourceTree = "<group>"; };
/* End PBXFileReference section */

/* Begin PBXFrameworksBuildPhase section */
		CDFCBB201DA40E8500DC00A7 /* Frameworks */ = {
			isa = PBXFrameworksBuildPhase;
			buildActionMask = 2147483647;
			files = (
			);
			runOnlyForDeploymentPostprocessing = 0;
		};
/* End PBXFrameworksBuildPhase section */

/* Begin PBXGroup section */
		CDFCBB1A1DA40E8500DC00A7 = {
			isa = PBXGroup;
			children = (
				CDFCBB251DA40E8600DC00A7 /* Dice Roll */,
				CDFCBB241DA40E8600DC00A7 /* Products */,
			);
			sourceTree = "<group>";
		};
		CDFCBB241DA40E8600DC00A7 /* Products */ = {
			isa = PBXGroup;
			children = (
				CDFCBB231DA40E8600DC00A7 /* Dice Roll.app */,
			);
			name = Products;
			sourceTree = "<group>";
		};
		CDFCBB251DA40E8600DC00A7 /* Dice Roll */ = {
			isa = PBXGroup;
			children = (
				CDFCBB261DA40E8600DC00A7 /* AppDelegate.swift */,
				CDFCBB2A1DA40E8600DC00A7 /* Main.storyboard */,
				CD3B0DCD1DA73F9B00D0C704 /* CoinViewController.swift */,
				CD3B0DCB1DA7396400D0C704 /* DoubleDiceViewController.swift */,
				CDC9199D1DA5EC05003B8355 /* ViewController.swift */,
				CDC9199F1DA5EC3A003B8355 /* SingleDiceViewController.swift */,
				CDFCBB2D1DA40E8600DC00A7 /* Assets.xcassets */,
				CDFCBB2F1DA40E8600DC00A7 /* LaunchScreen.storyboard */,
				CDFCBB321DA40E8600DC00A7 /* Info.plist */,
			);
			path = "Dice Roll";
			sourceTree = "<group>";
		};
/* End PBXGroup section */

/* Begin PBXNativeTarget section */
		CDFCBB221DA40E8500DC00A7 /* Dice Roll */ = {
			isa = PBXNativeTarget;
			buildConfigurationList = CDFCBB351DA40E8600DC00A7 /* Build configuration list for PBXNativeTarget "Dice Roll" */;
			buildPhases = (
				CDFCBB1F1DA40E8500DC00A7 /* Sources */,
				CDFCBB201DA40E8500DC00A7 /* Frameworks */,
				CDFCBB211DA40E8500DC00A7 /* Resources */,
			);
			buildRules = (
			);
			dependencies = (
			);
			name = "Dice Roll";
			productName = "Dice Roll";
			productReference = CDFCBB231DA40E8600DC00A7 /* Dice Roll.app */;
			productType = "com.apple.product-type.application";
		};
/* End PBXNativeTarget section */

/* Begin PBXProject section */
		CDFCBB1B1DA40E8500DC00A7 /* Project object */ = {
			isa = PBXProject;
			attributes = {
				LastSwiftUpdateCheck = 0800;
				LastUpgradeCheck = 0800;
				ORGANIZATIONNAME = "Patrick Anderson";
				TargetAttributes = {
					CDFCBB221DA40E8500DC00A7 = {
						CreatedOnToolsVersion = 8.0;
						DevelopmentTeam = 4R4HATU7N3;
						ProvisioningStyle = Automatic;
					};
				};
			};
			buildConfigurationList = CDFCBB1E1DA40E8500DC00A7 /* Build configuration list for PBXProject "Dice Roll" */;
			compatibilityVersion = "Xcode 3.2";
			developmentRegion = English;
			hasScannedForEncodings = 0;
			knownRegions = (
				en,
				Base,
			);
			mainGroup = CDFCBB1A1DA40E8500DC00A7;
			productRefGroup = CDFCBB241DA40E8600DC00A7 /* Products */;
			projectDirPath = "";
			projectRoot = "";
			targets = (
				CDFCBB221DA40E8500DC00A7 /* Dice Roll */,
			);
		};
/* End PBXProject section */

/* Begin PBXResourcesBuildPhase section */
		CDFCBB211DA40E8500DC00A7 /* Resources */ = {
			isa = PBXResourcesBuildPhase;
			buildActionMask = 2147483647;
			files = (
				CDFCBB311DA40E8600DC00A7 /* LaunchScreen.storyboard in Resources */,
				CDFCBB2E1DA40E8600DC00A7 /* Assets.xcassets in Resources */,
				CDFCBB2C1DA40E8600DC00A7 /* Main.storyboard in Resources */,
			);
			runOnlyForDeploymentPostprocessing = 0;
		};
/* End PBXResourcesBuildPhase section */

/* Begin PBXSourcesBuildPhase section */
		CDFCBB1F1DA40E8500DC00A7 /* Sources */ = {
			isa = PBXSourcesBuildPhase;
			buildActionMask = 2147483647;
			files = (
				CD3B0DCC1DA7396400D0C704 /* DoubleDiceViewController.swift in Sources */,
				CDC9199E1DA5EC05003B8355 /* ViewController.swift in Sources */,
				CDFCBB271DA40E8600DC00A7 /* AppDelegate.swift in Sources */,
				CDC919A01DA5EC3A003B8355 /* SingleDiceViewController.swift in Sources */,
				CD3B0DCE1DA73F9B00D0C704 /* CoinViewController.swift in Sources */,
			);
			runOnlyForDeploymentPostprocessing = 0;
		};
/* End PBXSourcesBuildPhase section */

/* Begin PBXVariantGroup section */
		CDFCBB2A1DA40E8600DC00A7 /* Main.storyboard */ = {
			isa = PBXVariantGroup;
			children = (
				CDFCBB2B1DA40E8600DC00A7 /* Base */,
			);
			name = Main.storyboard;
			sourceTree = "<group>";
		};
		CDFCBB2F1DA40E8600DC00A7 /* LaunchScreen.storyboard */ = {
			isa = PBXVariantGroup;
			children = (
				CDFCBB301DA40E8600DC00A7 /* Base */,
			);
			name = LaunchScreen.storyboard;
			sourceTree = "<group>";
		};
/* End PBXVariantGroup section */

/* Begin XCBuildConfiguration section */
		CDFCBB331DA40E8600DC00A7 /* Debug */ = {
			isa = XCBuildConfiguration;
			buildSettings = {
				ALWAYS_SEARCH_USER_PATHS = NO;
				CLANG_ANALYZER_NONNULL = YES;
				CLANG_CXX_LANGUAGE_STANDARD = "gnu++0x";
				CLANG_CXX_LIBRARY = "libc++";
				CLANG_ENABLE_MODULES = YES;
				CLANG_ENABLE_OBJC_ARC = YES;
				CLANG_WARN_BOOL_CONVERSION = YES;
				CLANG_WARN_CONSTANT_CONVERSION = YES;
				CLANG_WARN_DIRECT_OBJC_ISA_USAGE = YES_ERROR;
				CLANG_WARN_DOCUMENTATION_COMMENTS = YES;
				CLANG_WARN_EMPTY_BODY = YES;
				CLANG_WARN_ENUM_CONVERSION = YES;
				CLANG_WARN_INFINITE_RECURSION = YES;
				CLANG_WARN_INT_CONVERSION = YES;
				CLANG_WARN_OBJC_ROOT_CLASS = YES_ERROR;
				CLANG_WARN_SUSPICIOUS_MOVES = YES;
				CLANG_WARN_UNREACHABLE_CODE = YES;
				CLANG_WARN__DUPLICATE_METHOD_MATCH = YES;
				"CODE_SIGN_IDENTITY[sdk=iphoneos*]" = "iPhone Developer";
				COPY_PHASE_STRIP = NO;
				DEBUG_INFORMATION_FORMAT = dwarf;
				ENABLE_STRICT_OBJC_MSGSEND = YES;
				ENABLE_TESTABILITY = YES;
				GCC_C_LANGUAGE_STANDARD = gnu99;
				GCC_DYNAMIC_NO_PIC = NO;
				GCC_NO_COMMON_BLOCKS = YES;
				GCC_OPTIMIZATION_LEVEL = 0;
				GCC_PREPROCESSOR_DEFINITIONS = (
					"DEBUG=1",
					"$(inherited)",
				);
				GCC_WARN_64_TO_32_BIT_CONVERSION = YES;
				GCC_WARN_ABOUT_RETURN_TYPE = YES_ERROR;
				GCC_WARN_UNDECLARED_SELECTOR = YES;
				GCC_WARN_UNINITIALIZED_AUTOS = YES_AGGRESSIVE;
				GCC_WARN_UNUSED_FUNCTION = YES;
				GCC_WARN_UNUSED_VARIABLE = YES;
				IPHONEOS_DEPLOYMENT_TARGET = 10.0;
				MTL_ENABLE_DEBUG_INFO = YES;
				ONLY_ACTIVE_ARCH = YES;
				SDKROOT = iphoneos;
				SWIFT_ACTIVE_COMPILATION_CONDITIONS = DEBUG;
				SWIFT_OPTIMIZATION_LEVEL = "-Onone";
				TARGETED_DEVICE_FAMILY = "1,2";
			};
			name = Debug;
		};
		CDFCBB341DA40E8600DC00A7 /* Release */ = {
			isa = XCBuildConfiguration;
			buildSettings = {
				ALWAYS_SEARCH_USER_PATHS = NO;
				CLANG_ANALYZER_NONNULL = YES;
				CLANG_CXX_LANGUAGE_STANDARD = "gnu++0x";
				CLANG_CXX_LIBRARY = "libc++";
				CLANG_ENABLE_MODULES = YES;
				CLANG_ENABLE_OBJC_ARC = YES;
				CLANG_WARN_BOOL_CONVERSION = YES;
				CLANG_WARN_CONSTANT_CONVERSION = YES;
				CLANG_WARN_DIRECT_OBJC_ISA_USAGE = YES_ERROR;
				CLANG_WARN_DOCUMENTATION_COMMENTS = YES;
				CLANG_WARN_EMPTY_BODY = YES;
				CLANG_WARN_ENUM_CONVERSION = YES;
				CLANG_WARN_INFINITE_RECURSION = YES;
				CLANG_WARN_INT_CONVERSION = YES;
				CLANG_WARN_OBJC_ROOT_CLASS = YES_ERROR;
				CLANG_WARN_SUSPICIOUS_MOVES = YES;
				CLANG_WARN_UNREACHABLE_CODE = YES;
				CLANG_WARN__DUPLICATE_METHOD_MATCH = YES;
				"CODE_SIGN_IDENTITY[sdk=iphoneos*]" = "iPhone Developer";
				COPY_PHASE_STRIP = NO;
				DEBUG_INFORMATION_FORMAT = "dwarf-with-dsym";
				ENABLE_NS_ASSERTIONS = NO;
				ENABLE_STRICT_OBJC_MSGSEND = YES;
				GCC_C_LANGUAGE_STANDARD = gnu99;
				GCC_NO_COMMON_BLOCKS = YES;
				GCC_WARN_64_TO_32_BIT_CONVERSION = YES;
				GCC_WARN_ABOUT_RETURN_TYPE = YES_ERROR;
				GCC_WARN_UNDECLARED_SELECTOR = YES;
				GCC_WARN_UNINITIALIZED_AUTOS = YES_AGGRESSIVE;
				GCC_WARN_UNUSED_FUNCTION = YES;
				GCC_WARN_UNUSED_VARIABLE = YES;
				IPHONEOS_DEPLOYMENT_TARGET = 10.0;
				MTL_ENABLE_DEBUG_INFO = NO;
				SDKROOT = iphoneos;
				SWIFT_OPTIMIZATION_LEVEL = "-Owholemodule";
				TARGETED_DEVICE_FAMILY = "1,2";
				VALIDATE_PRODUCT = YES;
			};
			name = Release;
		};
		CDFCBB361DA40E8600DC00A7 /* Debug */ = {
			isa = XCBuildConfiguration;
			buildSettings = {
				ASSETCATALOG_COMPILER_APPICON_NAME = AppIcon;
				DEVELOPMENT_TEAM = 4R4HATU7N3;
				INFOPLIST_FILE = "Dice Roll/Info.plist";
				LD_RUNPATH_SEARCH_PATHS = "$(inherited) @executable_path/Frameworks";
				PRODUCT_BUNDLE_IDENTIFIER = "Patrick-Anderson.Dice-Roll";
				PRODUCT_NAME = "$(TARGET_NAME)";
				SWIFT_VERSION = 3.0;
			};
			name = Debug;
		};
		CDFCBB371DA40E8600DC00A7 /* Release */ = {
			isa = XCBuildConfiguration;
			buildSettings = {
				ASSETCATALOG_COMPILER_APPICON_NAME = AppIcon;
				DEVELOPMENT_TEAM = 4R4HATU7N3;
				INFOPLIST_FILE = "Dice Roll/Info.plist";
				LD_RUNPATH_SEARCH_PATHS = "$(inherited) @executable_path/Frameworks";
				PRODUCT_BUNDLE_IDENTIFIER = "Patrick-Anderson.Dice-Roll";
				PRODUCT_NAME = "$(TARGET_NAME)";
				SWIFT_VERSION = 3.0;
			};
			name = Release;
		};
/* End XCBuildConfiguration section */

/* Begin XCConfigurationList section */
		CDFCBB1E1DA40E8500DC00A7 /* Build configuration list for PBXProject "Dice Roll" */ = {
			isa = XCConfigurationList;
			buildConfigurations = (
				CDFCBB331DA40E8600DC00A7 /* Debug */,
				CDFCBB341DA40E8600DC00A7 /* Release */,
			);
			defaultConfigurationIsVisible = 0;
			defaultConfigurationName = Release;
		};
		CDFCBB351DA40E8600DC00A7 /* Build configuration list for PBXNativeTarget "Dice Roll" */ = {
			isa = XCConfigurationList;
			buildConfigurations = (
				CDFCBB361DA40E8600DC00A7 /* Debug */,
				CDFCBB371DA40E8600DC00A7 /* Release */,
			);
			defaultConfigurationIsVisible = 0;
			defaultConfigurationName = Release;
		};
/* End XCConfigurationList section */
	};
	rootObject = CDFCBB1B1DA40E8500DC00A7 /* Project object */;
}
